
Microsoft Visual Studio Solution File, Format Version 12.00
# Visual Studio Version 17
VisualStudioVersion = 17.3.32825.248
MinimumVisualStudioVersion = 10.0.40219.1
Project("{9A19103F-16F7-4668-BE54-9A1E7A4F7556}") = "lab1_z1", "lab1_z1\lab1_z1.csproj", "{03A1FB77-5B8A-42FD-B33D-FFACE1419529}"
EndProject
Project("{FAE04EC0-301F-11D3-BF4B-00C04F79EFBC}") = "TestProject1", "TestProject1\TestProject1.csproj", "{481DB5EC-2DB8-446B-96D3-589ACB0ABF22}"
EndProject
Global
	GlobalSection(SolutionConfigurationPlatforms) = preSolution
		Debug|Any CPU = Debug|Any CPU
		Release|Any CPU = Release|Any CPU
	EndGlobalSection
	GlobalSection(ProjectConfigurationPlatforms) = postSolution
		{03A1FB77-5B8A-42FD-B33D-FFACE1419529}.Debug|Any CPU.ActiveCfg = Debug|Any CPU
		{03A1FB77-5B8A-42FD-B33D-FFACE1419529}.Debug|Any CPU.Build.0 = Debug|Any CPU
		{03A1FB77-5B8A-42FD-B33D-FFACE1419529}.Release|Any CPU.ActiveCfg = Release|Any CPU
		{03A1FB77-5B8A-42FD-B33D-FFACE1419529}.Release|Any CPU.Build.0 = Release|Any CPU
		{481DB5EC-2DB8-446B-96D3-589ACB0ABF22}.Debug|Any CPU.ActiveCfg = Debug|Any CPU
		{481DB5EC-2DB8-446B-96D3-589ACB0ABF22}.Debug|Any CPU.Build.0 = Debug|Any CPU
		{481DB5EC-2DB8-446B-96D3-589ACB0ABF22}.Release|Any CPU.ActiveCfg = Release|Any CPU
		{481DB5EC-2DB8-446B-96D3-589ACB0ABF22}.Release|Any CPU.Build.0 = Release|Any CPU
	EndGlobalSection
	GlobalSection(SolutionProperties) = preSolution
		HideSolutionNode = FALSE
	EndGlobalSection
	GlobalSection(ExtensibilityGlobals) = postSolution
		SolutionGuid = {3F5C128C-DC74-4D7F-9698-131AAF102599}
	EndGlobalSection
EndGlobal
